{
  "name": "UniBox",
  "lockfileVersion": 2,
  "requires": true,
  "packages": {
    "": {
      "dependencies": {
        "ganache-cli": "^6.12.2"
      }
    },
    "node_modules/ganache-cli": {
      "version": "6.12.2",
      "resolved": "https://registry.npmjs.org/ganache-cli/-/ganache-cli-6.12.2.tgz",
      "integrity": "sha512-bnmwnJDBDsOWBUP8E/BExWf85TsdDEFelQSzihSJm9VChVO1SHp94YXLP5BlA4j/OTxp0wR4R1Tje9OHOuAJVw==",
      "bundleDependencies": [
        "source-map-support",
        "yargs",
        "ethereumjs-util"
      ],
      "dependencies": {
        "ethereumjs-util": "6.2.1",
        "source-map-support": "0.5.12",
        "yargs": "13.2.4"
      },
      "bin": {
        "ganache-cli": "cli.js"
      }
    },
    "node_modules/ganache-cli/node_modules/@types/bn.js": {
      "version": "4.11.6",
      "inBundle": true,
      "license": "MIT",
      "dependencies": {
        "@types/node": "*"
      }
    },
    "node_modules/ganache-cli/node_modules/@types/node": {
      "version": "14.11.2",
      "inBundle": true,
      "license": "MIT"
    },
    "node_modules/ganache-cli/node_modules/@types/pbkdf2": {
      "version": "3.1.0",
      "inBundle": true,
      "license": "MIT",
      "dependencies": {
        "@types/node": "*"
      }
    },
    "node_modules/ganache-cli/node_modules/@types/secp256k1": {
      "version": "4.0.1",
      "inBundle": true,
      "license": "MIT",
      "dependencies": {
        "@types/node": "*"
      }
    },
    "node_modules/ganache-cli/node_modules/ansi-regex": {
      "version": "4.1.0",
      "inBundle": true,
      "license": "MIT",
      "engines": {
        "node": ">=6"
      }
    },
    "node_modules/ganache-cli/node_modules/ansi-styles": {
      "version": "3.2.1",
      "inBundle": true,
      "license": "MIT",
      "dependencies": {
        "color-convert": "^1.9.0"
      },
      "engines": {
        "node": ">=4"
      }
    },
    "node_modules/ganache-cli/node_modules/base-x": {
      "version": "3.0.8",
      "inBundle": true,
      "license": "MIT",
      "dependencies": {
        "safe-buffer": "^5.0.1"
      }
    },
    "node_modules/ganache-cli/node_modules/blakejs": {
      "version": "1.1.0",
      "inBundle": true,
      "license": "CC0-1.0"
    },
    "node_modules/ganache-cli/node_modules/bn.js": {
      "version": "4.11.9",
      "inBundle": true,
      "license": "MIT"
    },
    "node_modules/ganache-cli/node_modules/brorand": {
      "version": "1.1.0",
      "inBundle": true,
      "license": "MIT"
    },
    "node_modules/ganache-cli/node_modules/browserify-aes": {
      "version": "1.2.0",
      "inBundle": true,
      "license": "MIT",
      "dependencies": {
        "buffer-xor": "^1.0.3",
        "cipher-base": "^1.0.0",
        "create-hash": "^1.1.0",
        "evp_bytestokey": "^1.0.3",
        "inherits": "^2.0.1",
        "safe-buffer": "^5.0.1"
      }
    },
    "node_modules/ganache-cli/node_modules/bs58": {
      "version": "4.0.1",
      "inBundle": true,
      "license": "MIT",
      "dependencies": {
        "base-x": "^3.0.2"
      }
    },
    "node_modules/ganache-cli/node_modules/bs58check": {
      "version": "2.1.2",
      "inBundle": true,
      "license": "MIT",
      "dependencies": {
        "bs58": "^4.0.0",
        "create-hash": "^1.1.0",
        "safe-buffer": "^5.1.2"
      }
    },
    "node_modules/ganache-cli/node_modules/buffer-from": {
      "version": "1.1.1",
      "inBundle": true,
      "license": "MIT"
    },
    "node_modules/ganache-cli/node_modules/buffer-xor": {
      "version": "1.0.3",
      "inBundle": true,
      "license": "MIT"
    },
    "node_modules/ganache-cli/node_modules/camelcase": {
      "version": "5.3.1",
      "inBundle": true,
      "license": "MIT",
      "engines": {
        "node": ">=6"
      }
    },
    "node_modules/ganache-cli/node_modules/cipher-base": {
      "version": "1.0.4",
      "inBundle": true,
      "license": "MIT",
      "dependencies": {
        "inherits": "^2.0.1",
        "safe-buffer": "^5.0.1"
      }
    },
    "node_modules/ganache-cli/node_modules/cliui": {
      "version": "5.0.0",
      "inBundle": true,
      "license": "ISC",
      "dependencies": {
        "string-width": "^3.1.0",
        "strip-ansi": "^5.2.0",
        "wrap-ansi": "^5.1.0"
      }
    },
    "node_modules/ganache-cli/node_modules/color-convert": {
      "version": "1.9.3",
      "inBundle": true,
      "license": "MIT",
      "dependencies": {
        "color-name": "1.1.3"
      }
    },
    "node_modules/ganache-cli/node_modules/color-name": {
      "version": "1.1.3",
      "inBundle": true,
      "license": "MIT"
    },
    "node_modules/ganache-cli/node_modules/create-hash": {
      "version": "1.2.0",
      "inBundle": true,
      "license": "MIT",
      "dependencies": {
        "cipher-base": "^1.0.1",
        "inherits": "^2.0.1",
        "md5.js": "^1.3.4",
        "ripemd160": "^2.0.1",
        "sha.js": "^2.4.0"
      }
    },
    "node_modules/ganache-cli/node_modules/create-hmac": {
      "version": "1.1.7",
      "inBundle": true,
      "license": "MIT",
      "dependencies": {
        "cipher-base": "^1.0.3",
        "create-hash": "^1.1.0",
        "inherits": "^2.0.1",
        "ripemd160": "^2.0.0",
        "safe-buffer": "^5.0.1",
        "sha.js": "^2.4.8"
      }
    },
    "node_modules/ganache-cli/node_modules/cross-spawn": {
      "version": "6.0.5",
      "inBundle": true,
      "license": "MIT",
      "dependencies": {
        "nice-try": "^1.0.4",
        "path-key": "^2.0.1",
        "semver": "^5.5.0",
        "shebang-command": "^1.2.0",
        "which": "^1.2.9"
      },
      "engines": {
        "node": ">=4.8"
      }
    },
    "node_modules/ganache-cli/node_modules/decamelize": {
      "version": "1.2.0",
      "inBundle": true,
      "license": "MIT",
      "engines": {
        "node": ">=0.10.0"
      }
    },
    "node_modules/ganache-cli/node_modules/elliptic": {
      "version": "6.5.3",
      "inBundle": true,
      "license": "MIT",
      "dependencies": {
        "bn.js": "^4.4.0",
        "brorand": "^1.0.1",
        "hash.js": "^1.0.0",
        "hmac-drbg": "^1.0.0",
        "inherits": "^2.0.1",
        "minimalistic-assert": "^1.0.0",
        "minimalistic-crypto-utils": "^1.0.0"
      }
    },
    "node_modules/ganache-cli/node_modules/emoji-regex": {
      "version": "7.0.3",
      "inBundle": true,
      "license": "MIT"
    },
    "node_modules/ganache-cli/node_modules/end-of-stream": {
      "version": "1.4.4",
      "inBundle": true,
      "license": "MIT",
      "dependencies": {
        "once": "^1.4.0"
      }
    },
    "node_modules/ganache-cli/node_modules/ethereum-cryptography": {
      "version": "0.1.3",
      "inBundle": true,
      "license": "MIT",
      "dependencies": {
        "@types/pbkdf2": "^3.0.0",
        "@types/secp256k1": "^4.0.1",
        "blakejs": "^1.1.0",
        "browserify-aes": "^1.2.0",
        "bs58check": "^2.1.2",
        "create-hash": "^1.2.0",
        "create-hmac": "^1.1.7",
        "hash.js": "^1.1.7",
        "keccak": "^3.0.0",
        "pbkdf2": "^3.0.17",
        "randombytes": "^2.1.0",
        "safe-buffer": "^5.1.2",
        "scrypt-js": "^3.0.0",
        "secp256k1": "^4.0.1",
        "setimmediate": "^1.0.5"
      }
    },
    "node_modules/ganache-cli/node_modules/ethereumjs-util": {
      "version": "6.2.1",
      "inBundle": true,
      "license": "MPL-2.0",
      "dependencies": {
        "@types/bn.js": "^4.11.3",
        "bn.js": "^4.11.0",
        "create-hash": "^1.1.2",
        "elliptic": "^6.5.2",
        "ethereum-cryptography": "^0.1.3",
        "ethjs-util": "0.1.6",
        "rlp": "^2.2.3"
      }
    },
    "node_modules/ganache-cli/node_modules/ethjs-util": {
      "version": "0.1.6",
      "inBundle": true,
      "license": "MIT",
      "dependencies": {
        "is-hex-prefixed": "1.0.0",
        "strip-hex-prefix": "1.0.0"
      },
      "engines": {
        "node": ">=6.5.0",
        "npm": ">=3"
      }
    },
    "node_modules/ganache-cli/node_modules/evp_bytestokey": {
      "version": "1.0.3",
      "inBundle": true,
      "license": "MIT",
      "dependencies": {
        "md5.js": "^1.3.4",
        "safe-buffer": "^5.1.1"
      }
    },
    "node_modules/ganache-cli/node_modules/execa": {
      "version": "1.0.0",
      "inBundle": true,
      "license": "MIT",
      "dependencies": {
        "cross-spawn": "^6.0.0",
        "get-stream": "^4.0.0",
        "is-stream": "^1.1.0",
        "npm-run-path": "^2.0.0",
        "p-finally": "^1.0.0",
        "signal-exit": "^3.0.0",
        "strip-eof": "^1.0.0"
      },
      "engines": {
        "node": ">=6"
      }
    },
    "node_modules/ganache-cli/node_modules/find-up": {
      "version": "3.0.0",
      "inBundle": true,
      "license": "MIT",
      "dependencies": {
        "locate-path": "^3.0.0"
      },
      "engines": {
        "node": ">=6"
      }
    },
    "node_modules/ganache-cli/node_modules/get-caller-file": {
      "version": "2.0.5",
      "inBundle": true,
      "license": "ISC",
      "engines": {
        "node": "6.* || 8.* || >= 10.*"
      }
    },
    "node_modules/ganache-cli/node_modules/get-stream": {
      "version": "4.1.0",
      "inBundle": true,
      "license": "MIT",
      "dependencies": {
        "pump": "^3.0.0"
      },
      "engines": {
        "node": ">=6"
      }
    },
    "node_modules/ganache-cli/node_modules/hash-base": {
      "version": "3.1.0",
      "inBundle": true,
      "license": "MIT",
      "dependencies": {
        "inherits": "^2.0.4",
        "readable-stream": "^3.6.0",
        "safe-buffer": "^5.2.0"
      },
      "engines": {
        "node": ">=4"
      }
    },
    "node_modules/ganache-cli/node_modules/hash.js": {
      "version": "1.1.7",
      "inBundle": true,
      "license": "MIT",
      "dependencies": {
        "inherits": "^2.0.3",
        "minimalistic-assert": "^1.0.1"
      }
    },
    "node_modules/ganache-cli/node_modules/hmac-drbg": {
      "version": "1.0.1",
      "inBundle": true,
      "license": "MIT",
      "dependencies": {
        "hash.js": "^1.0.3",
        "minimalistic-assert": "^1.0.0",
        "minimalistic-crypto-utils": "^1.0.1"
      }
    },
    "node_modules/ganache-cli/node_modules/inherits": {
      "version": "2.0.4",
      "inBundle": true,
      "license": "ISC"
    },
    "node_modules/ganache-cli/node_modules/invert-kv": {
      "version": "2.0.0",
      "inBundle": true,
      "license": "MIT",
      "engines": {
        "node": ">=4"
      }
    },
    "node_modules/ganache-cli/node_modules/is-fullwidth-code-point": {
      "version": "2.0.0",
      "inBundle": true,
      "license": "MIT",
      "engines": {
        "node": ">=4"
      }
    },
    "node_modules/ganache-cli/node_modules/is-hex-prefixed": {
      "version": "1.0.0",
      "inBundle": true,
      "license": "MIT",
      "engines": {
        "node": ">=6.5.0",
        "npm": ">=3"
      }
    },
    "node_modules/ganache-cli/node_modules/is-stream": {
      "version": "1.1.0",
      "inBundle": true,
      "license": "MIT",
      "engines": {
        "node": ">=0.10.0"
      }
    },
    "node_modules/ganache-cli/node_modules/isexe": {
      "version": "2.0.0",
      "inBundle": true,
      "license": "ISC"
    },
    "node_modules/ganache-cli/node_modules/keccak": {
      "version": "3.0.1",
      "hasInstallScript": true,
      "inBundle": true,
      "license": "MIT",
      "dependencies": {
        "node-addon-api": "^2.0.0",
        "node-gyp-build": "^4.2.0"
      },
      "engines": {
        "node": ">=10.0.0"
      }
    },
    "node_modules/ganache-cli/node_modules/lcid": {
      "version": "2.0.0",
      "inBundle": true,
      "license": "MIT",
      "dependencies": {
        "invert-kv": "^2.0.0"
      },
      "engines": {
        "node": ">=6"
      }
    },
    "node_modules/ganache-cli/node_modules/locate-path": {
      "version": "3.0.0",
      "inBundle": true,
      "license": "MIT",
      "dependencies": {
        "p-locate": "^3.0.0",
        "path-exists": "^3.0.0"
      },
      "engines": {
        "node": ">=6"
      }
    },
    "node_modules/ganache-cli/node_modules/map-age-cleaner": {
      "version": "0.1.3",
      "inBundle": true,
      "license": "MIT",
      "dependencies": {
        "p-defer": "^1.0.0"
      },
      "engines": {
        "node": ">=6"
      }
    },
    "node_modules/ganache-cli/node_modules/md5.js": {
      "version": "1.3.5",
      "inBundle": true,
      "license": "MIT",
      "dependencies": {
        "hash-base": "^3.0.0",
        "inherits": "^2.0.1",
        "safe-buffer": "^5.1.2"
      }
    },
    "node_modules/ganache-cli/node_modules/mem": {
      "version": "4.3.0",
      "inBundle": true,
      "license": "MIT",
      "dependencies": {
        "map-age-cleaner": "^0.1.1",
        "mimic-fn": "^2.0.0",
        "p-is-promise": "^2.0.0"
      },
      "engines": {
        "node": ">=6"
      }
    },
    "node_modules/ganache-cli/node_modules/mimic-fn": {
      "version": "2.1.0",
      "inBundle": true,
      "license": "MIT",
      "engines": {
        "node": ">=6"
      }
    },
    "node_modules/ganache-cli/node_modules/minimalistic-assert": {
      "version": "1.0.1",
      "inBundle": true,
      "license": "ISC"
    },
    "node_modules/ganache-cli/node_modules/minimalistic-crypto-utils": {
      "version": "1.0.1",
      "inBundle": true,
      "license": "MIT"
    },
    "node_modules/ganache-cli/node_modules/nice-try": {
      "version": "1.0.5",
      "inBundle": true,
      "license": "MIT"
    },
    "node_modules/ganache-cli/node_modules/node-addon-api": {
      "version": "2.0.2",
      "inBundle": true,
      "license": "MIT"
    },
    "node_modules/ganache-cli/node_modules/node-gyp-build": {
      "version": "4.2.3",
      "inBundle": true,
      "license": "MIT",
      "bin": {
        "node-gyp-build": "bin.js",
        "node-gyp-build-optional": "optional.js",
        "node-gyp-build-test": "build-test.js"
      }
    },
    "node_modules/ganache-cli/node_modules/npm-run-path": {
      "version": "2.0.2",
      "inBundle": true,
      "license": "MIT",
      "dependencies": {
        "path-key": "^2.0.0"
      },
      "engines": {
        "node": ">=4"
      }
    },
    "node_modules/ganache-cli/node_modules/once": {
      "version": "1.4.0",
      "inBundle": true,
      "license": "ISC",
      "dependencies": {
        "wrappy": "1"
      }
    },
    "node_modules/ganache-cli/node_modules/os-locale": {
      "version": "3.1.0",
      "inBundle": true,
      "license": "MIT",
      "dependencies": {
        "execa": "^1.0.0",
        "lcid": "^2.0.0",
        "mem": "^4.0.0"
      },
      "engines": {
        "node": ">=6"
      }
    },
    "node_modules/ganache-cli/node_modules/p-defer": {
      "version": "1.0.0",
      "inBundle": true,
      "license": "MIT",
      "engines": {
        "node": ">=4"
      }
    },
    "node_modules/ganache-cli/node_modules/p-finally": {
      "version": "1.0.0",
      "inBundle": true,
      "license": "MIT",
      "engines": {
        "node": ">=4"
      }
    },
    "node_modules/ganache-cli/node_modules/p-is-promise": {
      "version": "2.1.0",
      "inBundle": true,
      "license": "MIT",
      "engines": {
        "node": ">=6"
      }
    },
    "node_modules/ganache-cli/node_modules/p-limit": {
      "version": "2.3.0",
      "inBundle": true,
      "license": "MIT",
      "dependencies": {
        "p-try": "^2.0.0"
      },
      "engines": {
        "node": ">=6"
      },
      "funding": {
        "url": "https://github.com/sponsors/sindresorhus"
      }
    },
    "node_modules/ganache-cli/node_modules/p-locate": {
      "version": "3.0.0",
      "inBundle": true,
      "license": "MIT",
      "dependencies": {
        "p-limit": "^2.0.0"
      },
      "engines": {
        "node": ">=6"
      }
    },
    "node_modules/ganache-cli/node_modules/p-try": {
      "version": "2.2.0",
      "inBundle": true,
      "license": "MIT",
      "engines": {
        "node": ">=6"
      }
    },
    "node_modules/ganache-cli/node_modules/path-exists": {
      "version": "3.0.0",
      "inBundle": true,
      "license": "MIT",
      "engines": {
        "node": ">=4"
      }
    },
    "node_modules/ganache-cli/node_modules/path-key": {
      "version": "2.0.1",
      "inBundle": true,
      "license": "MIT",
      "engines": {
        "node": ">=4"
      }
    },
    "node_modules/ganache-cli/node_modules/pbkdf2": {
      "version": "3.1.1",
      "inBundle": true,
      "license": "MIT",
      "dependencies": {
        "create-hash": "^1.1.2",
        "create-hmac": "^1.1.4",
        "ripemd160": "^2.0.1",
        "safe-buffer": "^5.0.1",
        "sha.js": "^2.4.8"
      },
      "engines": {
        "node": ">=0.12"
      }
    },
    "node_modules/ganache-cli/node_modules/pump": {
      "version": "3.0.0",
      "inBundle": true,
      "license": "MIT",
      "dependencies": {
        "end-of-stream": "^1.1.0",
        "once": "^1.3.1"
      }
    },
    "node_modules/ganache-cli/node_modules/randombytes": {
      "version": "2.1.0",
      "inBundle": true,
      "license": "MIT",
      "dependencies": {
        "safe-buffer": "^5.1.0"
      }
    },
    "node_modules/ganache-cli/node_modules/readable-stream": {
      "version": "3.6.0",
      "inBundle": true,
      "license": "MIT",
      "dependencies": {
        "inherits": "^2.0.3",
        "string_decoder": "^1.1.1",
        "util-deprecate": "^1.0.1"
      },
      "engines": {
        "node": ">= 6"
      }
    },
    "node_modules/ganache-cli/node_modules/require-directory": {
      "version": "2.1.1",
      "inBundle": true,
      "license": "MIT",
      "engines": {
        "node": ">=0.10.0"
      }
    },
    "node_modules/ganache-cli/node_modules/require-main-filename": {
      "version": "2.0.0",
      "inBundle": true,
      "license": "ISC"
    },
    "node_modules/ganache-cli/node_modules/ripemd160": {
      "version": "2.0.2",
      "inBundle": true,
      "license": "MIT",
      "dependencies": {
        "hash-base": "^3.0.0",
        "inherits": "^2.0.1"
      }
    },
    "node_modules/ganache-cli/node_modules/rlp": {
      "version": "2.2.6",
      "inBundle": true,
      "license": "MPL-2.0",
      "dependencies": {
        "bn.js": "^4.11.1"
      },
      "bin": {
        "rlp": "bin/rlp"
      }
    },
    "node_modules/ganache-cli/node_modules/safe-buffer": {
      "version": "5.2.1",
      "funding": [
        {
          "type": "github",
          "url": "https://github.com/sponsors/feross"
        },
        {
          "type": "patreon",
          "url": "https://www.patreon.com/feross"
        },
        {
          "type": "consulting",
          "url": "https://feross.org/support"
        }
      ],
      "inBundle": true,
      "license": "MIT"
    },
    "node_modules/ganache-cli/node_modules/scrypt-js": {
      "version": "3.0.1",
      "inBundle": true,
      "license": "MIT"
    },
    "node_modules/ganache-cli/node_modules/secp256k1": {
      "version": "4.0.2",
      "hasInstallScript": true,
      "inBundle": true,
      "license": "MIT",
      "dependencies": {
        "elliptic": "^6.5.2",
        "node-addon-api": "^2.0.0",
        "node-gyp-build": "^4.2.0"
      },
      "engines": {
        "node": ">=10.0.0"
      }
    },
    "node_modules/ganache-cli/node_modules/semver": {
      "version": "5.7.1",
      "inBundle": true,
      "license": "ISC",
      "bin": {
        "semver": "bin/semver"
      }
    },
    "node_modules/ganache-cli/node_modules/set-blocking": {
      "version": "2.0.0",
      "inBundle": true,
      "license": "ISC"
    },
    "node_modules/ganache-cli/node_modules/setimmediate": {
      "version": "1.0.5",
      "inBundle": true,
      "license": "MIT"
    },
    "node_modules/ganache-cli/node_modules/sha.js": {
      "version": "2.4.11",
      "inBundle": true,
      "license": "(MIT AND BSD-3-Clause)",
      "dependencies": {
        "inherits": "^2.0.1",
        "safe-buffer": "^5.0.1"
      },
      "bin": {
        "sha.js": "bin.js"
      }
    },
    "node_modules/ganache-cli/node_modules/shebang-command": {
      "version": "1.2.0",
      "inBundle": true,
      "license": "MIT",
      "dependencies": {
        "shebang-regex": "^1.0.0"
      },
      "engines": {
        "node": ">=0.10.0"
      }
    },
    "node_modules/ganache-cli/node_modules/shebang-regex": {
      "version": "1.0.0",
      "inBundle": true,
      "license": "MIT",
      "engines": {
        "node": ">=0.10.0"
      }
    },
    "node_modules/ganache-cli/node_modules/signal-exit": {
      "version": "3.0.3",
      "inBundle": true,
      "license": "ISC"
    },
    "node_modules/ganache-cli/node_modules/source-map": {
      "version": "0.6.1",
      "inBundle": true,
      "license": "BSD-3-Clause",
      "engines": {
        "node": ">=0.10.0"
      }
    },
    "node_modules/ganache-cli/node_modules/source-map-support": {
      "version": "0.5.12",
      "inBundle": true,
      "license": "MIT",
      "dependencies": {
        "buffer-from": "^1.0.0",
        "source-map": "^0.6.0"
      }
    },
    "node_modules/ganache-cli/node_modules/string_decoder": {
      "version": "1.3.0",
      "inBundle": true,
      "license": "MIT",
      "dependencies": {
        "safe-buffer": "~5.2.0"
      }
    },
    "node_modules/ganache-cli/node_modules/string-width": {
      "version": "3.1.0",
      "inBundle": true,
      "license": "MIT",
      "dependencies": {
        "emoji-regex": "^7.0.1",
        "is-fullwidth-code-point": "^2.0.0",
        "strip-ansi": "^5.1.0"
      },
      "engines": {
        "node": ">=6"
      }
    },
    "node_modules/ganache-cli/node_modules/strip-ansi": {
      "version": "5.2.0",
      "inBundle": true,
      "license": "MIT",
      "dependencies": {
        "ansi-regex": "^4.1.0"
      },
      "engines": {
        "node": ">=6"
      }
    },
    "node_modules/ganache-cli/node_modules/strip-eof": {
      "version": "1.0.0",
      "inBundle": true,
      "license": "MIT",
      "engines": {
        "node": ">=0.10.0"
      }
    },
    "node_modules/ganache-cli/node_modules/strip-hex-prefix": {
      "version": "1.0.0",
      "inBundle": true,
      "license": "MIT",
      "dependencies": {
        "is-hex-prefixed": "1.0.0"
      },
      "engines": {
        "node": ">=6.5.0",
        "npm": ">=3"
      }
    },
    "node_modules/ganache-cli/node_modules/util-deprecate": {
      "version": "1.0.2",
      "inBundle": true,
      "license": "MIT"
    },
    "node_modules/ganache-cli/node_modules/which": {
      "version": "1.3.1",
      "inBundle": true,
      "license": "ISC",
      "dependencies": {
        "isexe": "^2.0.0"
      },
      "bin": {
        "which": "bin/which"
      }
    },
    "node_modules/ganache-cli/node_modules/which-module": {
      "version": "2.0.0",
      "inBundle": true,
      "license": "ISC"
    },
    "node_modules/ganache-cli/node_modules/wrap-ansi": {
      "version": "5.1.0",
      "inBundle": true,
      "license": "MIT",
      "dependencies": {
        "ansi-styles": "^3.2.0",
        "string-width": "^3.0.0",
        "strip-ansi": "^5.0.0"
      },
      "engines": {
        "node": ">=6"
      }
    },
    "node_modules/ganache-cli/node_modules/wrappy": {
      "version": "1.0.2",
      "inBundle": true,
      "license": "ISC"
    },
    "node_modules/ganache-cli/node_modules/y18n": {
      "version": "4.0.0",
      "inBundle": true,
      "license": "ISC"
    },
    "node_modules/ganache-cli/node_modules/yargs": {
      "version": "13.2.4",
      "inBundle": true,
      "license": "MIT",
      "dependencies": {
        "cliui": "^5.0.0",
        "find-up": "^3.0.0",
        "get-caller-file": "^2.0.1",
        "os-locale": "^3.1.0",
        "require-directory": "^2.1.1",
        "require-main-filename": "^2.0.0",
        "set-blocking": "^2.0.0",
        "string-width": "^3.0.0",
        "which-module": "^2.0.0",
        "y18n": "^4.0.0",
        "yargs-parser": "^13.1.0"
      }
    },
    "node_modules/ganache-cli/node_modules/yargs-parser": {
      "version": "13.1.2",
      "inBundle": true,
      "license": "ISC",
      "dependencies": {
        "camelcase": "^5.0.0",
        "decamelize": "^1.2.0"
      }
    }
  },
  "dependencies": {
    "ganache-cli": {
      "version": "6.12.2",
      "resolved": "https://registry.npmjs.org/ganache-cli/-/ganache-cli-6.12.2.tgz",
      "integrity": "sha512-bnmwnJDBDsOWBUP8E/BExWf85TsdDEFelQSzihSJm9VChVO1SHp94YXLP5BlA4j/OTxp0wR4R1Tje9OHOuAJVw==",
      "requires": {
        "ethereumjs-util": "6.2.1",
        "source-map-support": "0.5.12",
        "yargs": "13.2.4"
      },
      "dependencies": {
        "@types/bn.js": {
          "version": "4.11.6",
          "bundled": true,
          "requires": {
            "@types/node": "*"
          }
        },
        "@types/node": {
          "version": "14.11.2",
          "bundled": true
        },
        "@types/pbkdf2": {
          "version": "3.1.0",
          "bundled": true,
          "requires": {
            "@types/node": "*"
          }
        },
        "@types/secp256k1": {
          "version": "4.0.1",
          "bundled": true,
          "requires": {
            "@types/node": "*"
          }
        },
        "ansi-regex": {
          "version": "4.1.0",
          "bundled": true
        },
        "ansi-styles": {
          "version": "3.2.1",
          "bundled": true,
          "requires": {
            "color-convert": "^1.9.0"
          }
        },
        "base-x": {
          "version": "3.0.8",
          "bundled": true,
          "requires": {
            "safe-buffer": "^5.0.1"
          }
        },
        "blakejs": {
          "version": "1.1.0",
          "bundled": true
        },
        "bn.js": {
          "version": "4.11.9",
          "bundled": true
        },
        "brorand": {
          "version": "1.1.0",
          "bundled": true
        },
        "browserify-aes": {
          "version": "1.2.0",
          "bundled": true,
          "requires": {
            "buffer-xor": "^1.0.3",
            "cipher-base": "^1.0.0",
            "create-hash": "^1.1.0",
            "evp_bytestokey": "^1.0.3",
            "inherits": "^2.0.1",
            "safe-buffer": "^5.0.1"
          }
        },
        "bs58": {
          "version": "4.0.1",
          "bundled": true,
          "requires": {
            "base-x": "^3.0.2"
          }
        },
        "bs58check": {
          "version": "2.1.2",
          "bundled": true,
          "requires": {
            "bs58": "^4.0.0",
            "create-hash": "^1.1.0",
            "safe-buffer": "^5.1.2"
          }
        },
        "buffer-from": {
          "version": "1.1.1",
          "bundled": true
        },
        "buffer-xor": {
          "version": "1.0.3",
          "bundled": true
        },
        "camelcase": {
          "version": "5.3.1",
          "bundled": true
        },
        "cipher-base": {
          "version": "1.0.4",
          "bundled": true,
          "requires": {
            "inherits": "^2.0.1",
            "safe-buffer": "^5.0.1"
          }
        },
        "cliui": {
          "version": "5.0.0",
          "bundled": true,
          "requires": {
            "string-width": "^3.1.0",
            "strip-ansi": "^5.2.0",
            "wrap-ansi": "^5.1.0"
          }
        },
        "color-convert": {
          "version": "1.9.3",
          "bundled": true,
          "requires": {
            "color-name": "1.1.3"
          }
        },
        "color-name": {
          "version": "1.1.3",
          "bundled": true
        },
        "create-hash": {
          "version": "1.2.0",
          "bundled": true,
          "requires": {
            "cipher-base": "^1.0.1",
            "inherits": "^2.0.1",
            "md5.js": "^1.3.4",
            "ripemd160": "^2.0.1",
            "sha.js": "^2.4.0"
          }
        },
        "create-hmac": {
          "version": "1.1.7",
          "bundled": true,
          "requires": {
            "cipher-base": "^1.0.3",
            "create-hash": "^1.1.0",
            "inherits": "^2.0.1",
            "ripemd160": "^2.0.0",
            "safe-buffer": "^5.0.1",
            "sha.js": "^2.4.8"
          }
        },
        "cross-spawn": {
          "version": "6.0.5",
          "bundled": true,
          "requires": {
            "nice-try": "^1.0.4",
            "path-key": "^2.0.1",
            "semver": "^5.5.0",
            "shebang-command": "^1.2.0",
            "which": "^1.2.9"
          }
        },
        "decamelize": {
          "version": "1.2.0",
          "bundled": true
        },
        "elliptic": {
          "version": "6.5.3",
          "bundled": true,
          "requires": {
            "bn.js": "^4.4.0",
            "brorand": "^1.0.1",
            "hash.js": "^1.0.0",
            "hmac-drbg": "^1.0.0",
            "inherits": "^2.0.1",
            "minimalistic-assert": "^1.0.0",
            "minimalistic-crypto-utils": "^1.0.0"
          }
        },
        "emoji-regex": {
          "version": "7.0.3",
          "bundled": true
        },
        "end-of-stream": {
          "version": "1.4.4",
          "bundled": true,
          "requires": {
            "once": "^1.4.0"
          }
        },
        "ethereum-cryptography": {
          "version": "0.1.3",
          "bundled": true,
          "requires": {
            "@types/pbkdf2": "^3.0.0",
            "@types/secp256k1": "^4.0.1",
            "blakejs": "^1.1.0",
            "browserify-aes": "^1.2.0",
            "bs58check": "^2.1.2",
            "create-hash": "^1.2.0",
            "create-hmac": "^1.1.7",
            "hash.js": "^1.1.7",
            "keccak": "^3.0.0",
            "pbkdf2": "^3.0.17",
            "randombytes": "^2.1.0",
            "safe-buffer": "^5.1.2",
            "scrypt-js": "^3.0.0",
            "secp256k1": "^4.0.1",
            "setimmediate": "^1.0.5"
          }
        },
        "ethereumjs-util": {
          "version": "6.2.1",
          "bundled": true,
          "requires": {
            "@types/bn.js": "^4.11.3",
            "bn.js": "^4.11.0",
            "create-hash": "^1.1.2",
            "elliptic": "^6.5.2",
            "ethereum-cryptography": "^0.1.3",
            "ethjs-util": "0.1.6",
            "rlp": "^2.2.3"
          }
        },
        "ethjs-util": {
          "version": "0.1.6",
          "bundled": true,
          "requires": {
            "is-hex-prefixed": "1.0.0",
            "strip-hex-prefix": "1.0.0"
          }
        },
        "evp_bytestokey": {
          "version": "1.0.3",
          "bundled": true,
          "requires": {
            "md5.js": "^1.3.4",
            "safe-buffer": "^5.1.1"
          }
        },
        "execa": {
          "version": "1.0.0",
          "bundled": true,
          "requires": {
            "cross-spawn": "^6.0.0",
            "get-stream": "^4.0.0",
            "is-stream": "^1.1.0",
            "npm-run-path": "^2.0.0",
            "p-finally": "^1.0.0",
            "signal-exit": "^3.0.0",
            "strip-eof": "^1.0.0"
          }
        },
        "find-up": {
          "version": "3.0.0",
          "bundled": true,
          "requires": {
            "locate-path": "^3.0.0"
          }
        },
        "get-caller-file": {
          "version": "2.0.5",
          "bundled": true
        },
        "get-stream": {
          "version": "4.1.0",
          "bundled": true,
          "requires": {
            "pump": "^3.0.0"
          }
        },
        "hash-base": {
          "version": "3.1.0",
          "bundled": true,
          "requires": {
            "inherits": "^2.0.4",
            "readable-stream": "^3.6.0",
            "safe-buffer": "^5.2.0"
          }
        },
        "hash.js": {
          "version": "1.1.7",
          "bundled": true,
          "requires": {
            "inherits": "^2.0.3",
            "minimalistic-assert": "^1.0.1"
          }
        },
        "hmac-drbg": {
          "version": "1.0.1",
          "bundled": true,
          "requires": {
            "hash.js": "^1.0.3",
            "minimalistic-assert": "^1.0.0",
            "minimalistic-crypto-utils": "^1.0.1"
          }
        },
        "inherits": {
          "version": "2.0.4",
          "bundled": true
        },
        "invert-kv": {
          "version": "2.0.0",
          "bundled": true
        },
        "is-fullwidth-code-point": {
          "version": "2.0.0",
          "bundled": true
        },
        "is-hex-prefixed": {
          "version": "1.0.0",
          "bundled": true
        },
        "is-stream": {
          "version": "1.1.0",
          "bundled": true
        },
        "isexe": {
          "version": "2.0.0",
          "bundled": true
        },
        "keccak": {
          "version": "3.0.1",
          "bundled": true,
          "requires": {
            "node-addon-api": "^2.0.0",
            "node-gyp-build": "^4.2.0"
          }
        },
        "lcid": {
          "version": "2.0.0",
          "bundled": true,
          "requires": {
            "invert-kv": "^2.0.0"
          }
        },
        "locate-path": {
          "version": "3.0.0",
          "bundled": true,
          "requires": {
            "p-locate": "^3.0.0",
            "path-exists": "^3.0.0"
          }
        },
        "map-age-cleaner": {
          "version": "0.1.3",
          "bundled": true,
          "requires": {
            "p-defer": "^1.0.0"
          }
        },
        "md5.js": {
          "version": "1.3.5",
          "bundled": true,
          "requires": {
            "hash-base": "^3.0.0",
            "inherits": "^2.0.1",
            "safe-buffer": "^5.1.2"
          }
        },
        "mem": {
          "version": "4.3.0",
          "bundled": true,
          "requires": {
            "map-age-cleaner": "^0.1.1",
            "mimic-fn": "^2.0.0",
            "p-is-promise": "^2.0.0"
          }
        },
        "mimic-fn": {
          "version": "2.1.0",
          "bundled": true
        },
        "minimalistic-assert": {
          "version": "1.0.1",
          "bundled": true
        },
        "minimalistic-crypto-utils": {
          "version": "1.0.1",
          "bundled": true
        },
        "nice-try": {
          "version": "1.0.5",
          "bundled": true
        },
        "node-addon-api": {
          "version": "2.0.2",
          "bundled": true
        },
        "node-gyp-build": {
          "version": "4.2.3",
          "bundled": true
        },
        "npm-run-path": {
          "version": "2.0.2",
          "bundled": true,
          "requires": {
            "path-key": "^2.0.0"
          }
        },
        "once": {
          "version": "1.4.0",
          "bundled": true,
          "requires": {
            "wrappy": "1"
          }
        },
        "os-locale": {
          "version": "3.1.0",
          "bundled": true,
          "requires": {
            "execa": "^1.0.0",
            "lcid": "^2.0.0",
            "mem": "^4.0.0"
          }
        },
        "p-defer": {
          "version": "1.0.0",
          "bundled": true
        },
        "p-finally": {
          "version": "1.0.0",
          "bundled": true
        },
        "p-is-promise": {
          "version": "2.1.0",
          "bundled": true
        },
        "p-limit": {
          "version": "2.3.0",
          "bundled": true,
          "requires": {
            "p-try": "^2.0.0"
          }
        },
        "p-locate": {
          "version": "3.0.0",
          "bundled": true,
          "requires": {
            "p-limit": "^2.0.0"
          }
        },
        "p-try": {
          "version": "2.2.0",
          "bundled": true
        },
        "path-exists": {
          "version": "3.0.0",
          "bundled": true
        },
        "path-key": {
          "version": "2.0.1",
          "bundled": true
        },
        "pbkdf2": {
          "version": "3.1.1",
          "bundled": true,
          "requires": {
            "create-hash": "^1.1.2",
            "create-hmac": "^1.1.4",
            "ripemd160": "^2.0.1",
            "safe-buffer": "^5.0.1",
            "sha.js": "^2.4.8"
          }
        },
        "pump": {
          "version": "3.0.0",
          "bundled": true,
          "requires": {
            "end-of-stream": "^1.1.0",
            "once": "^1.3.1"
          }
        },
        "randombytes": {
          "version": "2.1.0",
          "bundled": true,
          "requires": {
            "safe-buffer": "^5.1.0"
          }
        },
        "readable-stream": {
          "version": "3.6.0",
          "bundled": true,
          "requires": {
            "inherits": "^2.0.3",
            "string_decoder": "^1.1.1",
            "util-deprecate": "^1.0.1"
          }
        },
        "require-directory": {
          "version": "2.1.1",
          "bundled": true
        },
        "require-main-filename": {
          "version": "2.0.0",
          "bundled": true
        },
        "ripemd160": {
          "version": "2.0.2",
          "bundled": true,
          "requires": {
            "hash-base": "^3.0.0",
            "inherits": "^2.0.1"
          }
        },
        "rlp": {
          "version": "2.2.6",
          "bundled": true,
          "requires": {
            "bn.js": "^4.11.1"
          }
        },
        "safe-buffer": {
          "version": "5.2.1",
          "bundled": true
        },
        "scrypt-js": {
          "version": "3.0.1",
          "bundled": true
        },
        "secp256k1": {
          "version": "4.0.2",
          "bundled": true,
          "requires": {
            "elliptic": "^6.5.2",
            "node-addon-api": "^2.0.0",
            "node-gyp-build": "^4.2.0"
          }
        },
        "semver": {
          "version": "5.7.1",
          "bundled": true
        },
        "set-blocking": {
          "version": "2.0.0",
          "bundled": true
        },
        "setimmediate": {
          "version": "1.0.5",
          "bundled": true
        },
        "sha.js": {
          "version": "2.4.11",
          "bundled": true,
          "requires": {
            "inherits": "^2.0.1",
            "safe-buffer": "^5.0.1"
          }
        },
        "shebang-command": {
          "version": "1.2.0",
          "bundled": true,
          "requires": {
            "shebang-regex": "^1.0.0"
          }
        },
        "shebang-regex": {
          "version": "1.0.0",
          "bundled": true
        },
        "signal-exit": {
          "version": "3.0.3",
          "bundled": true
        },
        "source-map": {
          "version": "0.6.1",
          "bundled": true
        },
        "source-map-support": {
          "version": "0.5.12",
          "bundled": true,
          "requires": {
            "buffer-from": "^1.0.0",
            "source-map": "^0.6.0"
          }
        },
        "string_decoder": {
          "version": "1.3.0",
          "bundled": true,
          "requires": {
            "safe-buffer": "~5.2.0"
          }
        },
        "string-width": {
          "version": "3.1.0",
          "bundled": true,
          "requires": {
            "emoji-regex": "^7.0.1",
            "is-fullwidth-code-point": "^2.0.0",
            "strip-ansi": "^5.1.0"
          }
        },
        "strip-ansi": {
          "version": "5.2.0",
          "bundled": true,
          "requires": {
            "ansi-regex": "^4.1.0"
          }
        },
        "strip-eof": {
          "version": "1.0.0",
          "bundled": true
        },
        "strip-hex-prefix": {
          "version": "1.0.0",
          "bundled": true,
          "requires": {
            "is-hex-prefixed": "1.0.0"
          }
        },
        "util-deprecate": {
          "version": "1.0.2",
          "bundled": true
        },
        "which": {
          "version": "1.3.1",
          "bundled": true,
          "requires": {
            "isexe": "^2.0.0"
          }
        },
        "which-module": {
          "version": "2.0.0",
          "bundled": true
        },
        "wrap-ansi": {
          "version": "5.1.0",
          "bundled": true,
          "requires": {
            "ansi-styles": "^3.2.0",
            "string-width": "^3.0.0",
            "strip-ansi": "^5.0.0"
          }
        },
        "wrappy": {
          "version": "1.0.2",
          "bundled": true
        },
        "y18n": {
          "version": "4.0.0",
          "bundled": true
        },
        "yargs": {
          "version": "13.2.4",
          "bundled": true,
          "requires": {
            "cliui": "^5.0.0",
            "find-up": "^3.0.0",
            "get-caller-file": "^2.0.1",
            "os-locale": "^3.1.0",
            "require-directory": "^2.1.1",
            "require-main-filename": "^2.0.0",
            "set-blocking": "^2.0.0",
            "string-width": "^3.0.0",
            "which-module": "^2.0.0",
            "y18n": "^4.0.0",
            "yargs-parser": "^13.1.0"
          }
        },
        "yargs-parser": {
          "version": "13.1.2",
          "bundled": true,
          "requires": {
            "camelcase": "^5.0.0",
            "decamelize": "^1.2.0"
          }
        }
      }
    }
  }
}
